
Microsoft Visual Studio Solution File, Format Version 12.00
# Visual Studio 2013
VisualStudioVersion = 12.0.30723.0
MinimumVisualStudioVersion = 10.0.40219.1
Project("{FAE04EC0-301F-11D3-BF4B-00C04F79EFBC}") = "WeiXinServer", "WeiXinServer\WeiXinServer.csproj", "{A26B381A-7ABE-4957-8871-5685B410A4E9}"
EndProject
Project("{FAE04EC0-301F-11D3-BF4B-00C04F79EFBC}") = "UnitTestProject1", "UnitTestProject1\UnitTestProject1.csproj", "{F8971433-6E77-4EFD-839A-134B6E6E6440}"
EndProject
Project("{FAE04EC0-301F-11D3-BF4B-00C04F79EFBC}") = "WeiXinBiz", "WeiXinBiz\WeiXinBiz.csproj", "{5A176664-EB67-4D32-8EA4-D700EE5450E1}"
EndProject
Global
	GlobalSection(SolutionConfigurationPlatforms) = preSolution
		Debug|Any CPU = Debug|Any CPU
		Release|Any CPU = Release|Any CPU
	EndGlobalSection
	GlobalSection(ProjectConfigurationPlatforms) = postSolution
		{A26B381A-7ABE-4957-8871-5685B410A4E9}.Debug|Any CPU.ActiveCfg = Debug|Any CPU
		{A26B381A-7ABE-4957-8871-5685B410A4E9}.Debug|Any CPU.Build.0 = Debug|Any CPU
		{A26B381A-7ABE-4957-8871-5685B410A4E9}.Release|Any CPU.ActiveCfg = Release|Any CPU
		{A26B381A-7ABE-4957-8871-5685B410A4E9}.Release|Any CPU.Build.0 = Release|Any CPU
		{F8971433-6E77-4EFD-839A-134B6E6E6440}.Debug|Any CPU.ActiveCfg = Debug|Any CPU
		{F8971433-6E77-4EFD-839A-134B6E6E6440}.Debug|Any CPU.Build.0 = Debug|Any CPU
		{F8971433-6E77-4EFD-839A-134B6E6E6440}.Release|Any CPU.ActiveCfg = Release|Any CPU
		{F8971433-6E77-4EFD-839A-134B6E6E6440}.Release|Any CPU.Build.0 = Release|Any CPU
		{5A176664-EB67-4D32-8EA4-D700EE5450E1}.Debug|Any CPU.ActiveCfg = Debug|Any CPU
		{5A176664-EB67-4D32-8EA4-D700EE5450E1}.Debug|Any CPU.Build.0 = Debug|Any CPU
		{5A176664-EB67-4D32-8EA4-D700EE5450E1}.Release|Any CPU.ActiveCfg = Release|Any CPU
		{5A176664-EB67-4D32-8EA4-D700EE5450E1}.Release|Any CPU.Build.0 = Release|Any CPU
	EndGlobalSection
	GlobalSection(SolutionProperties) = preSolution
		HideSolutionNode = FALSE
	EndGlobalSection
EndGlobal
